
Microsoft Visual Studio Solution File, Format Version 12.00
# Visual Studio 15
Project("{FAE04EC0-301F-11D3-BF4B-00C04F79EFBC}") = "MovieStore.MVC", "MovieStore.MVC\MovieStore.MVC.csproj", "{6B562418-84BC-4135-914D-569D539409DF}"
EndProject
Project("{FAE04EC0-301F-11D3-BF4B-00C04F79EFBC}") = "MovieStore.Infrastructure", "MovieStore.Infrastructure\MovieStore.Infrastructure.csproj", "{7E0C8BE9-5441-446F-8B47-31B0DBF3E1F2}"
EndProject
Project("{FAE04EC0-301F-11D3-BF4B-00C04F79EFBC}") = "MovieStore.Core", "MovieStore.Core\MovieStore.Core.csproj", "{CA6BFA3E-F790-4229-AC62-D524FFF75C0B}"
EndProject
Global
	GlobalSection(SolutionConfigurationPlatforms) = preSolution
		Debug|Any CPU = Debug|Any CPU
		Release|Any CPU = Release|Any CPU
	EndGlobalSection
	GlobalSection(ProjectConfigurationPlatforms) = postSolution
		{6B562418-84BC-4135-914D-569D539409DF}.Debug|Any CPU.ActiveCfg = Debug|Any CPU
		{6B562418-84BC-4135-914D-569D539409DF}.Debug|Any CPU.Build.0 = Debug|Any CPU
		{6B562418-84BC-4135-914D-569D539409DF}.Release|Any CPU.ActiveCfg = Release|Any CPU
		{6B562418-84BC-4135-914D-569D539409DF}.Release|Any CPU.Build.0 = Release|Any CPU
		{7E0C8BE9-5441-446F-8B47-31B0DBF3E1F2}.Debug|Any CPU.ActiveCfg = Debug|Any CPU
		{7E0C8BE9-5441-446F-8B47-31B0DBF3E1F2}.Debug|Any CPU.Build.0 = Debug|Any CPU
		{7E0C8BE9-5441-446F-8B47-31B0DBF3E1F2}.Release|Any CPU.ActiveCfg = Release|Any CPU
		{7E0C8BE9-5441-446F-8B47-31B0DBF3E1F2}.Release|Any CPU.Build.0 = Release|Any CPU
		{CA6BFA3E-F790-4229-AC62-D524FFF75C0B}.Debug|Any CPU.ActiveCfg = Debug|Any CPU
		{CA6BFA3E-F790-4229-AC62-D524FFF75C0B}.Debug|Any CPU.Build.0 = Debug|Any CPU
		{CA6BFA3E-F790-4229-AC62-D524FFF75C0B}.Release|Any CPU.ActiveCfg = Release|Any CPU
		{CA6BFA3E-F790-4229-AC62-D524FFF75C0B}.Release|Any CPU.Build.0 = Release|Any CPU
	EndGlobalSection
EndGlobal
